<?xml version="1.0" encoding="utf-8"?>
<Project ToolsVersion="4.0" xmlns="http://schemas.microsoft.com/developer/msbuild/2003">
  <ItemGroup>
    <Filter Include="Source Files">
      <UniqueIdentifier>{4FC737F1-C7A5-4376-A066-2A32D752A2FF}</UniqueIdentifier>
      <Extensions>cpp;c;cc;cxx;c++;cppm;ixx;def;odl;idl;hpj;bat;asm;asmx</Extensions>
    </Filter>
    <Filter Include="Header Files">
      <UniqueIdentifier>{93995380-89BD-4b04-88EB-625FBE52EBFB}</UniqueIdentifier>
      <Extensions>h;hh;hpp;hxx;h++;hm;inl;inc;ipp;xsd</Extensions>
    </Filter>
    <Filter Include="Resource Files">
      <UniqueIdentifier>{67DA6AB6-F800-4c08-8B7A-83BB121AAD01}</UniqueIdentifier>
      <Extensions>rc;ico;cur;bmp;dlg;rc2;rct;bin;rgs;gif;jpg;jpeg;jpe;resx;tiff;tif;png;wav;mfcribbon-ms</Extensions>
    </Filter>
    <Filter Include="Header Files\Framework">
      <UniqueIdentifier>{15e0e69d-c42f-4dcb-a301-573034bc8381}</UniqueIdentifier>
    </Filter>
    <Filter Include="Source Files\Framework">
      <UniqueIdentifier>{2f7d3998-2e26-4303-b1ee-271a354e8277}</UniqueIdentifier>
    </Filter>
    <Filter Include="Header Files\SoLoud">
      <UniqueIdentifier>{b8533e1d-3269-46e0-adaf-ae8ce5585fb9}</UniqueIdentifier>
    </Filter>
    <Filter Include="Source Files\SoLoud">
      <UniqueIdentifier>{676981c7-8773-4226-8f32-c4119d4cb12a}</UniqueIdentifier>
    </Filter>
  </ItemGroup>
  <ItemGroup>
    <ClInclude Include="..\Framework\imconfig.h">
      <Filter>Header Files\Framework</Filter>
    </ClInclude>
    <ClInclude Include="..\Framework\imgui.h">
      <Filter>Header Files\Framework</Filter>
    </ClInclude>
    <ClInclude Include="..\Framework\imgui_internal.h">
      <Filter>Header Files\Framework</Filter>
    </ClInclude>
    <ClInclude Include="..\Framework\imstb_rectpack.h">
      <Filter>Header Files\Framework</Filter>
    </ClInclude>
    <ClInclude Include="..\Framework\imstb_textedit.h">
      <Filter>Header Files\Framework</Filter>
    </ClInclude>
    <ClInclude Include="..\Framework\imstb_truetype.h">
      <Filter>Header Files\Framework</Filter>
    </ClInclude>
    <ClInclude Include="..\Framework\sokol_app.h">
      <Filter>Header Files\Framework</Filter>
    </ClInclude>
    <ClInclude Include="..\Framework\sokol_audio.h">
      <Filter>Header Files\Framework</Filter>
    </ClInclude>
    <ClInclude Include="..\Framework\sokol_fetch.h">
      <Filter>Header Files\Framework</Filter>
    </ClInclude>
    <ClInclude Include="..\Framework\sokol_gfx.h">
      <Filter>Header Files\Framework</Filter>
    </ClInclude>
    <ClInclude Include="..\Framework\sokol_glue.h">
      <Filter>Header Files\Framework</Filter>
    </ClInclude>
    <ClInclude Include="..\Framework\sokol_imgui.h">
      <Filter>Header Files\Framework</Filter>
    </ClInclude>
    <ClInclude Include="..\Framework\sokol_log.h">
      <Filter>Header Files\Framework</Filter>
    </ClInclude>
    <ClInclude Include="..\Framework\sokol_shape.h">
      <Filter>Header Files\Framework</Filter>
    </ClInclude>
    <ClInclude Include="..\Framework\sokol_time.h">
      <Filter>Header Files\Framework</Filter>
    </ClInclude>
    <ClInclude Include="..\Framework\Roboto.h">
      <Filter>Header Files\Framework</Filter>
    </ClInclude>
    <ClInclude Include="..\Framework\miniaudio.h">
      <Filter>Header Files\Framework</Filter>
    </ClInclude>
    <ClInclude Include="..\SoLoud\soloud.h">
      <Filter>Header Files\SoLoud</Filter>
    </ClInclude>
    <ClInclude Include="..\SoLoud\soloud_audiosource.h">
      <Filter>Header Files\SoLoud</Filter>
    </ClInclude>
    <ClInclude Include="..\SoLoud\soloud_bassboostfilter.h">
      <Filter>Header Files\SoLoud</Filter>
    </ClInclude>
    <ClInclude Include="..\SoLoud\soloud_biquadresonantfilter.h">
      <Filter>Header Files\SoLoud</Filter>
    </ClInclude>
    <ClInclude Include="..\SoLoud\soloud_bus.h">
      <Filter>Header Files\SoLoud</Filter>
    </ClInclude>
    <ClInclude Include="..\SoLoud\soloud_c.h">
      <Filter>Header Files\SoLoud</Filter>
    </ClInclude>
    <ClInclude Include="..\SoLoud\soloud_dcremovalfilter.h">
      <Filter>Header Files\SoLoud</Filter>
    </ClInclude>
    <ClInclude Include="..\SoLoud\soloud_echofilter.h">
      <Filter>Header Files\SoLoud</Filter>
    </ClInclude>
    <ClInclude Include="..\SoLoud\soloud_error.h">
      <Filter>Header Files\SoLoud</Filter>
    </ClInclude>
    <ClInclude Include="..\SoLoud\soloud_fader.h">
      <Filter>Header Files\SoLoud</Filter>
    </ClInclude>
    <ClInclude Include="..\SoLoud\soloud_fft.h">
      <Filter>Header Files\SoLoud</Filter>
    </ClInclude>
    <ClInclude Include="..\SoLoud\soloud_fftfilter.h">
      <Filter>Header Files\SoLoud</Filter>
    </ClInclude>
    <ClInclude Include="..\SoLoud\soloud_file.h">
      <Filter>Header Files\SoLoud</Filter>
    </ClInclude>
    <ClInclude Include="..\SoLoud\soloud_file_hack_off.h">
      <Filter>Header Files\SoLoud</Filter>
    </ClInclude>
    <ClInclude Include="..\SoLoud\soloud_file_hack_on.h">
      <Filter>Header Files\SoLoud</Filter>
    </ClInclude>
    <ClInclude Include="..\SoLoud\soloud_filter.h">
      <Filter>Header Files\SoLoud</Filter>
    </ClInclude>
    <ClInclude Include="..\SoLoud\soloud_flangerfilter.h">
      <Filter>Header Files\SoLoud</Filter>
    </ClInclude>
    <ClInclude Include="..\SoLoud\soloud_freeverbfilter.h">
      <Filter>Header Files\SoLoud</Filter>
    </ClInclude>
    <ClInclude Include="..\SoLoud\soloud_internal.h">
      <Filter>Header Files\SoLoud</Filter>
    </ClInclude>
    <ClInclude Include="..\SoLoud\soloud_lofifilter.h">
      <Filter>Header Files\SoLoud</Filter>
    </ClInclude>
    <ClInclude Include="..\SoLoud\soloud_misc.h">
      <Filter>Header Files\SoLoud</Filter>
    </ClInclude>
    <ClInclude Include="..\SoLoud\soloud_monotone.h">
      <Filter>Header Files\SoLoud</Filter>
    </ClInclude>
    <ClInclude Include="..\SoLoud\soloud_noise.h">
      <Filter>Header Files\SoLoud</Filter>
    </ClInclude>
    <ClInclude Include="..\SoLoud\soloud_openmpt.h">
      <Filter>Header Files\SoLoud</Filter>
    </ClInclude>
    <ClInclude Include="..\SoLoud\soloud_queue.h">
      <Filter>Header Files\SoLoud</Filter>
    </ClInclude>
    <ClInclude Include="..\SoLoud\soloud_robotizefilter.h">
      <Filter>Header Files\SoLoud</Filter>
    </ClInclude>
    <ClInclude Include="..\SoLoud\soloud_sfxr.h">
      <Filter>Header Files\SoLoud</Filter>
    </ClInclude>
    <ClInclude Include="..\SoLoud\soloud_speech.h">
      <Filter>Header Files\SoLoud</Filter>
    </ClInclude>
    <ClInclude Include="..\SoLoud\soloud_tedsid.h">
      <Filter>Header Files\SoLoud</Filter>
    </ClInclude>
    <ClInclude Include="..\SoLoud\soloud_thread.h">
      <Filter>Header Files\SoLoud</Filter>
    </ClInclude>
    <ClInclude Include="..\SoLoud\soloud_vic.h">
      <Filter>Header Files\SoLoud</Filter>
    </ClInclude>
    <ClInclude Include="..\SoLoud\soloud_vizsn.h">
      <Filter>Header Files\SoLoud</Filter>
    </ClInclude>
    <ClInclude Include="..\SoLoud\soloud_wav.h">
      <Filter>Header Files\SoLoud</Filter>
    </ClInclude>
    <ClInclude Include="..\SoLoud\soloud_waveshaperfilter.h">
      <Filter>Header Files\SoLoud</Filter>
    </ClInclude>
    <ClInclude Include="..\SoLoud\soloud_wavstream.h">
      <Filter>Header Files\SoLoud</Filter>
    </ClInclude>
    <ClInclude Include="..\Framework\dr_flac.h">
      <Filter>Header Files\Framework</Filter>
    </ClInclude>
    <ClInclude Include="..\Framework\dr_mp3.h">
      <Filter>Header Files\Framework</Filter>
    </ClInclude>
    <ClInclude Include="..\Framework\dr_wav.h">
      <Filter>Header Files\Framework</Filter>
    </ClInclude>
    <ClInclude Include="..\Framework\stb_vorbis.h">
      <Filter>Header Files\Framework</Filter>
    </ClInclude>
    <ClInclude Include="..\Framework\qoa.h">
      <Filter>Header Files\Framework</Filter>
    </ClInclude>
    <ClInclude Include="..\Framework\qoi.h">
      <Filter>Header Files\Framework</Filter>
    </ClInclude>
    <ClInclude Include="..\Framework\mackron_sha1.h">
      <Filter>Header Files\Framework</Filter>
    </ClInclude>
    <ClInclude Include="..\Framework\mackron_md5.h">
      <Filter>Header Files\Framework</Filter>
    </ClInclude>
    <ClInclude Include="..\Framework\mackron_uuid.h">
      <Filter>Header Files\Framework</Filter>
    </ClInclude>
    <ClInclude Include="..\Framework\minimp3.h">
      <Filter>Header Files\Framework</Filter>
    </ClInclude>
    <ClInclude Include="..\Framework\stb_image.h">
      <Filter>Header Files\Framework</Filter>
    </ClInclude>
  </ItemGroup>
  <ItemGroup>
    <ClCompile Include="..\Framework\sokol_impl.cpp">
      <Filter>Source Files\Framework</Filter>
    </ClCompile>
    <ClCompile Include="..\Framework\imgui_widgets.cpp">
      <Filter>Source Files\Framework</Filter>
    </ClCompile>
    <ClCompile Include="..\Framework\imgui_tables.cpp">
      <Filter>Source Files\Framework</Filter>
    </ClCompile>
    <ClCompile Include="..\Framework\imgui_draw.cpp">
      <Filter>Source Files\Framework</Filter>
    </ClCompile>
    <ClCompile Include="..\Framework\imgui_demo.cpp">
      <Filter>Source Files\Framework</Filter>
    </ClCompile>
    <ClCompile Include="..\Framework\imgui.cpp">
      <Filter>Source Files\Framework</Filter>
    </ClCompile>
    <ClCompile Include="..\Code\main.cpp">
      <Filter>Source Files</Filter>
    </ClCompile>
    <ClCompile Include="..\Framework\miniaudio.c">
      <Filter>Source Files\Framework</Filter>
    </ClCompile>
    <ClCompile Include="..\Framework\dr_impl.cpp">
      <Filter>Source Files\Framework</Filter>
    </ClCompile>
    <ClCompile Include="..\Framework\stb_vorbis.c">
      <Filter>Source Files\Framework</Filter>
    </ClCompile>
    <ClCompile Include="..\SoLoud\soloud.cpp">
      <Filter>Source Files\SoLoud</Filter>
    </ClCompile>
    <ClCompile Include="..\SoLoud\soloud_audiosource.cpp">
      <Filter>Source Files\SoLoud</Filter>
    </ClCompile>
    <ClCompile Include="..\SoLoud\soloud_bassboostfilter.cpp">
      <Filter>Source Files\SoLoud</Filter>
    </ClCompile>
    <ClCompile Include="..\SoLoud\soloud_biquadresonantfilter.cpp">
      <Filter>Source Files\SoLoud</Filter>
    </ClCompile>
    <ClCompile Include="..\SoLoud\soloud_bus.cpp">
      <Filter>Source Files\SoLoud</Filter>
    </ClCompile>
    <ClCompile Include="..\SoLoud\soloud_core_3d.cpp">
      <Filter>Source Files\SoLoud</Filter>
    </ClCompile>
    <ClCompile Include="..\SoLoud\soloud_core_basicops.cpp">
      <Filter>Source Files\SoLoud</Filter>
    </ClCompile>
    <ClCompile Include="..\SoLoud\soloud_core_faderops.cpp">
      <Filter>Source Files\SoLoud</Filter>
    </ClCompile>
    <ClCompile Include="..\SoLoud\soloud_core_filterops.cpp">
      <Filter>Source Files\SoLoud</Filter>
    </ClCompile>
    <ClCompile Include="..\SoLoud\soloud_core_getters.cpp">
      <Filter>Source Files\SoLoud</Filter>
    </ClCompile>
    <ClCompile Include="..\SoLoud\soloud_core_setters.cpp">
      <Filter>Source Files\SoLoud</Filter>
    </ClCompile>
    <ClCompile Include="..\SoLoud\soloud_core_voicegroup.cpp">
      <Filter>Source Files\SoLoud</Filter>
    </ClCompile>
    <ClCompile Include="..\SoLoud\soloud_core_voiceops.cpp">
      <Filter>Source Files\SoLoud</Filter>
    </ClCompile>
    <ClCompile Include="..\SoLoud\soloud_dcremovalfilter.cpp">
      <Filter>Source Files\SoLoud</Filter>
    </ClCompile>
    <ClCompile Include="..\SoLoud\soloud_echofilter.cpp">
      <Filter>Source Files\SoLoud</Filter>
    </ClCompile>
    <ClCompile Include="..\SoLoud\soloud_fader.cpp">
      <Filter>Source Files\SoLoud</Filter>
    </ClCompile>
    <ClCompile Include="..\SoLoud\soloud_fft.cpp">
      <Filter>Source Files\SoLoud</Filter>
    </ClCompile>
    <ClCompile Include="..\SoLoud\soloud_fft_lut.cpp">
      <Filter>Source Files\SoLoud</Filter>
    </ClCompile>
    <ClCompile Include="..\SoLoud\soloud_fftfilter.cpp">
      <Filter>Source Files\SoLoud</Filter>
    </ClCompile>
    <ClCompile Include="..\SoLoud\soloud_file.cpp">
      <Filter>Source Files\SoLoud</Filter>
    </ClCompile>
    <ClCompile Include="..\SoLoud\soloud_filter.cpp">
      <Filter>Source Files\SoLoud</Filter>
    </ClCompile>
    <ClCompile Include="..\SoLoud\soloud_flangerfilter.cpp">
      <Filter>Source Files\SoLoud</Filter>
    </ClCompile>
    <ClCompile Include="..\SoLoud\soloud_freeverbfilter.cpp">
      <Filter>Source Files\SoLoud</Filter>
    </ClCompile>
    <ClCompile Include="..\SoLoud\soloud_lofifilter.cpp">
      <Filter>Source Files\SoLoud</Filter>
    </ClCompile>
    <ClCompile Include="..\SoLoud\soloud_miniaudio.cpp">
      <Filter>Source Files\SoLoud</Filter>
    </ClCompile>
    <ClCompile Include="..\SoLoud\soloud_misc.cpp">
      <Filter>Source Files\SoLoud</Filter>
    </ClCompile>
    <ClCompile Include="..\SoLoud\soloud_monotone.cpp">
      <Filter>Source Files\SoLoud</Filter>
    </ClCompile>
    <ClCompile Include="..\SoLoud\soloud_queue.cpp">
      <Filter>Source Files\SoLoud</Filter>
    </ClCompile>
    <ClCompile Include="..\SoLoud\soloud_robotizefilter.cpp">
      <Filter>Source Files\SoLoud</Filter>
    </ClCompile>
    <ClCompile Include="..\SoLoud\soloud_thread.cpp">
      <Filter>Source Files\SoLoud</Filter>
    </ClCompile>
    <ClCompile Include="..\SoLoud\soloud_wav.cpp">
      <Filter>Source Files\SoLoud</Filter>
    </ClCompile>
    <ClCompile Include="..\SoLoud\soloud_waveshaperfilter.cpp">
      <Filter>Source Files\SoLoud</Filter>
    </ClCompile>
    <ClCompile Include="..\SoLoud\soloud_wavstream.cpp">
      <Filter>Source Files\SoLoud</Filter>
    </ClCompile>
    <ClCompile Include="..\Framework\qoa.cpp">
      <Filter>Source Files\Framework</Filter>
    </ClCompile>
    <ClCompile Include="..\Framework\qoi.cpp">
      <Filter>Source Files\Framework</Filter>
    </ClCompile>
    <ClCompile Include="..\Framework\mackron_impl.cpp">
      <Filter>Source Files\Framework</Filter>
    </ClCompile>
    <ClCompile Include="..\Framework\minimp3.c">
      <Filter>Source Files\Framework</Filter>
    </ClCompile>
    <ClCompile Include="..\Framework\stb_image.cpp">
      <Filter>Source Files\Framework</Filter>
    </ClCompile>
  </ItemGroup>
</Project>